// !$*UTF8*$!
{
	archiveVersion = 1;
	classes = {
	};
	objectVersion = 46;
	objects = {

/* Begin PBXBuildFile section */
		36BDE9F31EBB64E000F41295 /* main.m in Sources */ = {isa = PBXBuildFile; fileRef = 36BDE9F21EBB64E000F41295 /* main.m */; };
		36BDE9F61EBB64E000F41295 /* AppDelegate.m in Sources */ = {isa = PBXBuildFile; fileRef = 36BDE9F51EBB64E000F41295 /* AppDelegate.m */; };
		36BDE9F91EBB64E000F41295 /* ViewController.m in Sources */ = {isa = PBXBuildFile; fileRef = 36BDE9F81EBB64E000F41295 /* ViewController.m */; };
		36BDE9FC1EBB64E000F41295 /* Main.storyboard in Resources */ = {isa = PBXBuildFile; fileRef = 36BDE9FA1EBB64E000F41295 /* Main.storyboard */; };
		36BDE9FE1EBB64E000F41295 /* Assets.xcassets in Resources */ = {isa = PBXBuildFile; fileRef = 36BDE9FD1EBB64E000F41295 /* Assets.xcassets */; };
		36BDEA011EBB64E000F41295 /* LaunchScreen.storyboard in Resources */ = {isa = PBXBuildFile; fileRef = 36BDE9FF1EBB64E000F41295 /* LaunchScreen.storyboard */; };
		36BDEA2E1EBB789C00F41295 /* NSObject+FFSafe.m in Sources */ = {isa = PBXBuildFile; fileRef = 36BDEA2D1EBB789C00F41295 /* NSObject+FFSafe.m */; };
/* End PBXBuildFile section */

/* Begin PBXContainerItemProxy section */
		36BDEA081EBB64E000F41295 /* PBXContainerItemProxy */ = {
			isa = PBXContainerItemProxy;
			containerPortal = 36BDE9E61EBB64E000F41295 /* Project object */;
			proxyType = 1;
			remoteGlobalIDString = 36BDE9ED1EBB64E000F41295;
			remoteInfo = FFCategory;
		};
		36BDEA131EBB64E000F41295 /* PBXContainerItemProxy */ = {
			isa = PBXContainerItemProxy;
			containerPortal = 36BDE9E61EBB64E000F41295 /* Project object */;
			proxyType = 1;
			remoteGlobalIDString = 36BDE9ED1EBB64E000F41295;
			remoteInfo = FFCategory;
		};
/* End PBXContainerItemProxy section */

/* Begin PBXFileReference section */
		36BDE9EE1EBB64E000F41295 /* FFCategory.app */ = {isa = PBXFileReference; explicitFileType = wrapper.application; includeInIndex = 0; path = FFCategory.app; sourceTree = BUILT_PRODUCTS_DIR; };
		36BDE9F21EBB64E000F41295 /* main.m */ = {isa = PBXFileReference; lastKnownFileType = sourcecode.c.objc; path = main.m; sourceTree = "<group>"; };
		36BDE9F41EBB64E000F41295 /* AppDelegate.h */ = {isa = PBXFileReference; lastKnownFileType = sourcecode.c.h; path = AppDelegate.h; sourceTree = "<group>"; };
		36BDE9F51EBB64E000F41295 /* AppDelegate.m */ = {isa = PBXFileReference; lastKnownFileType = sourcecode.c.objc; path = AppDelegate.m; sourceTree = "<group>"; };
		36BDE9F71EBB64E000F41295 /* ViewController.h */ = {isa = PBXFileReference; lastKnownFileType = sourcecode.c.h; path = ViewController.h; sourceTree = "<group>"; };
		36BDE9F81EBB64E000F41295 /* ViewController.m */ = {isa = PBXFileReference; lastKnownFileType = sourcecode.c.objc; path = ViewController.m; sourceTree = "<group>"; };
		36BDE9FB1EBB64E000F41295 /* Base */ = {isa = PBXFileReference; lastKnownFileType = file.storyboard; name = Base; path = Base.lproj/Main.storyboard; sourceTree = "<group>"; };
		36BDE9FD1EBB64E000F41295 /* Assets.xcassets */ = {isa = PBXFileReference; lastKnownFileType = folder.assetcatalog; path = Assets.xcassets; sourceTree = "<group>"; };
		36BDEA001EBB64E000F41295 /* Base */ = {isa = PBXFileReference; lastKnownFileType = file.storyboard; name = Base; path = Base.lproj/LaunchScreen.storyboard; sourceTree = "<group>"; };
		36BDEA021EBB64E000F41295 /* Info.plist */ = {isa = PBXFileReference; lastKnownFileType = text.plist.xml; path = Info.plist; sourceTree = "<group>"; };
		36BDEA071EBB64E000F41295 /* FFCategoryTests.xctest */ = {isa = PBXFileReference; explicitFileType = wrapper.cfbundle; includeInIndex = 0; path = FFCategoryTests.xctest; sourceTree = BUILT_PRODUCTS_DIR; };
		36BDEA121EBB64E000F41295 /* FFCategoryUITests.xctest */ = {isa = PBXFileReference; explicitFileType = wrapper.cfbundle; includeInIndex = 0; path = FFCategoryUITests.xctest; sourceTree = BUILT_PRODUCTS_DIR; };
		36BDEA2C1EBB789C00F41295 /* NSObject+FFSafe.h */ = {isa = PBXFileReference; fileEncoding = 4; lastKnownFileType = sourcecode.c.h; path = "NSObject+FFSafe.h"; sourceTree = "<group>"; };
		36BDEA2D1EBB789C00F41295 /* NSObject+FFSafe.m */ = {isa = PBXFileReference; fileEncoding = 4; lastKnownFileType = sourcecode.c.objc; path = "NSObject+FFSafe.m"; sourceTree = "<group>"; };
/* End PBXFileReference section */

/* Begin PBXFrameworksBuildPhase section */
		36BDE9EB1EBB64E000F41295 /* Frameworks */ = {
			isa = PBXFrameworksBuildPhase;
			buildActionMask = 2147483647;
			files = (
			);
			runOnlyForDeploymentPostprocessing = 0;
		};
		36BDEA041EBB64E000F41295 /* Frameworks */ = {
			isa = PBXFrameworksBuildPhase;
			buildActionMask = 2147483647;
			files = (
			);
			runOnlyForDeploymentPostprocessing = 0;
		};
		36BDEA0F1EBB64E000F41295 /* Frameworks */ = {
			isa = PBXFrameworksBuildPhase;
			buildActionMask = 2147483647;
			files = (
			);
			runOnlyForDeploymentPostprocessing = 0;
		};
/* End PBXFrameworksBuildPhase section */

/* Begin PBXGroup section */
		36BDE9E51EBB64E000F41295 = {
			isa = PBXGroup;
			children = (
				36BDE9F01EBB64E000F41295 /* FFCategory */,
				36BDE9EF1EBB64E000F41295 /* Products */,
			);
			sourceTree = "<group>";
		};
		36BDE9EF1EBB64E000F41295 /* Products */ = {
			isa = PBXGroup;
			children = (
				36BDE9EE1EBB64E000F41295 /* FFCategory.app */,
				36BDEA071EBB64E000F41295 /* FFCategoryTests.xctest */,
				36BDEA121EBB64E000F41295 /* FFCategoryUITests.xctest */,
			);
			name = Products;
			sourceTree = "<group>";
		};
		36BDE9F01EBB64E000F41295 /* FFCategory */ = {
			isa = PBXGroup;
			children = (
				36BDEA2B1EBB789C00F41295 /* Category */,
				36BDE9F41EBB64E000F41295 /* AppDelegate.h */,
				36BDE9F51EBB64E000F41295 /* AppDelegate.m */,
				36BDE9F71EBB64E000F41295 /* ViewController.h */,
				36BDE9F81EBB64E000F41295 /* ViewController.m */,
				36BDE9FA1EBB64E000F41295 /* Main.storyboard */,
				36BDE9FD1EBB64E000F41295 /* Assets.xcassets */,
				36BDE9FF1EBB64E000F41295 /* LaunchScreen.storyboard */,
				36BDEA021EBB64E000F41295 /* Info.plist */,
				36BDE9F11EBB64E000F41295 /* Supporting Files */,
			);
			path = FFCategory;
			sourceTree = "<group>";
		};
		36BDE9F11EBB64E000F41295 /* Supporting Files */ = {
			isa = PBXGroup;
			children = (
				36BDE9F21EBB64E000F41295 /* main.m */,
			);
			name = "Supporting Files";
			sourceTree = "<group>";
		};
		36BDEA2B1EBB789C00F41295 /* Category */ = {
			isa = PBXGroup;
			children = (
				36BDEA2C1EBB789C00F41295 /* NSObject+FFSafe.h */,
				36BDEA2D1EBB789C00F41295 /* NSObject+FFSafe.m */,
			);
			path = Category;
			sourceTree = "<group>";
		};
/* End PBXGroup section */

/* Begin PBXNativeTarget section */
		36BDE9ED1EBB64E000F41295 /* FFCategory */ = {
			isa = PBXNativeTarget;
			buildConfigurationList = 36BDEA1B1EBB64E000F41295 /* Build configuration list for PBXNativeTarget "FFCategory" */;
			buildPhases = (
				36BDE9EA1EBB64E000F41295 /* Sources */,
				36BDE9EB1EBB64E000F41295 /* Frameworks */,
				36BDE9EC1EBB64E000F41295 /* Resources */,
			);
			buildRules = (
			);
			dependencies = (
			);
			name = FFCategory;
			productName = FFCategory;
			productReference = 36BDE9EE1EBB64E000F41295 /* FFCategory.app */;
			productType = "com.apple.product-type.application";
		};
		36BDEA061EBB64E000F41295 /* FFCategoryTests */ = {
			isa = PBXNativeTarget;
			buildConfigurationList = 36BDEA1E1EBB64E000F41295 /* Build configuration list for PBXNativeTarget "FFCategoryTests" */;
			buildPhases = (
				36BDEA031EBB64E000F41295 /* Sources */,
				36BDEA041EBB64E000F41295 /* Frameworks */,
				36BDEA051EBB64E000F41295 /* Resources */,
			);
			buildRules = (
			);
			dependencies = (
				36BDEA091EBB64E000F41295 /* PBXTargetDependency */,
			);
			name = FFCategoryTests;
			productName = FFCategoryTests;
			productReference = 36BDEA071EBB64E000F41295 /* FFCategoryTests.xctest */;
			productType = "com.apple.product-type.bundle.unit-test";
		};
		36BDEA111EBB64E000F41295 /* FFCategoryUITests */ = {
			isa = PBXNativeTarget;
			buildConfigurationList = 36BDEA211EBB64E000F41295 /* Build configuration list for PBXNativeTarget "FFCategoryUITests" */;
			buildPhases = (
				36BDEA0E1EBB64E000F41295 /* Sources */,
				36BDEA0F1EBB64E000F41295 /* Frameworks */,
				36BDEA101EBB64E000F41295 /* Resources */,
			);
			buildRules = (
			);
			dependencies = (
				36BDEA141EBB64E000F41295 /* PBXTargetDependency */,
			);
			name = FFCategoryUITests;
			productName = FFCategoryUITests;
			productReference = 36BDEA121EBB64E000F41295 /* FFCategoryUITests.xctest */;
			productType = "com.apple.product-type.bundle.ui-testing";
		};
/* End PBXNativeTarget section */

/* Begin PBXProject section */
		36BDE9E61EBB64E000F41295 /* Project object */ = {
			isa = PBXProject;
			attributes = {
				LastUpgradeCheck = 0830;
				ORGANIZATIONNAME = "张玲玉";
				TargetAttributes = {
					36BDE9ED1EBB64E000F41295 = {
						CreatedOnToolsVersion = 8.3.2;
						ProvisioningStyle = Automatic;
					};
					36BDEA061EBB64E000F41295 = {
						CreatedOnToolsVersion = 8.3.2;
						ProvisioningStyle = Automatic;
						TestTargetID = 36BDE9ED1EBB64E000F41295;
					};
					36BDEA111EBB64E000F41295 = {
						CreatedOnToolsVersion = 8.3.2;
						ProvisioningStyle = Automatic;
						TestTargetID = 36BDE9ED1EBB64E000F41295;
					};
				};
			};
			buildConfigurationList = 36BDE9E91EBB64E000F41295 /* Build configuration list for PBXProject "FFCategory" */;
			compatibilityVersion = "Xcode 3.2";
			developmentRegion = English;
			hasScannedForEncodings = 0;
			knownRegions = (
				en,
				Base,
			);
			mainGroup = 36BDE9E51EBB64E000F41295;
			productRefGroup = 36BDE9EF1EBB64E000F41295 /* Products */;
			projectDirPath = "";
			projectRoot = "";
			targets = (
				36BDE9ED1EBB64E000F41295 /* FFCategory */,
				36BDEA061EBB64E000F41295 /* FFCategoryTests */,
				36BDEA111EBB64E000F41295 /* FFCategoryUITests */,
			);
		};
/* End PBXProject section */

/* Begin PBXResourcesBuildPhase section */
		36BDE9EC1EBB64E000F41295 /* Resources */ = {
			isa = PBXResourcesBuildPhase;
			buildActionMask = 2147483647;
			files = (
				36BDEA011EBB64E000F41295 /* LaunchScreen.storyboard in Resources */,
				36BDE9FE1EBB64E000F41295 /* Assets.xcassets in Resources */,
				36BDE9FC1EBB64E000F41295 /* Main.storyboard in Resources */,
			);
			runOnlyForDeploymentPostprocessing = 0;
		};
		36BDEA051EBB64E000F41295 /* Resources */ = {
			isa = PBXResourcesBuildPhase;
			buildActionMask = 2147483647;
			files = (
			);
			runOnlyForDeploymentPostprocessing = 0;
		};
		36BDEA101EBB64E000F41295 /* Resources */ = {
			isa = PBXResourcesBuildPhase;
			buildActionMask = 2147483647;
			files = (
			);
			runOnlyForDeploymentPostprocessing = 0;
		};
/* End PBXResourcesBuildPhase section */

/* Begin PBXSourcesBuildPhase section */
		36BDE9EA1EBB64E000F41295 /* Sources */ = {
			isa = PBXSourcesBuildPhase;
			buildActionMask = 2147483647;
			files = (
				36BDE9F91EBB64E000F41295 /* ViewController.m in Sources */,
				36BDE9F61EBB64E000F41295 /* AppDelegate.m in Sources */,
				36BDEA2E1EBB789C00F41295 /* NSObject+FFSafe.m in Sources */,
				36BDE9F31EBB64E000F41295 /* main.m in Sources */,
			);
			runOnlyForDeploymentPostprocessing = 0;
		};
		36BDEA031EBB64E000F41295 /* Sources */ = {
			isa = PBXSourcesBuildPhase;
			buildActionMask = 2147483647;
			files = (
			);
			runOnlyForDeploymentPostprocessing = 0;
		};
		36BDEA0E1EBB64E000F41295 /* Sources */ = {
			isa = PBXSourcesBuildPhase;
			buildActionMask = 2147483647;
			files = (
			);
			runOnlyForDeploymentPostprocessing = 0;
		};
/* End PBXSourcesBuildPhase section */

/* Begin PBXTargetDependency section */
		36BDEA091EBB64E000F41295 /* PBXTargetDependency */ = {
			isa = PBXTargetDependency;
			target = 36BDE9ED1EBB64E000F41295 /* FFCategory */;
			targetProxy = 36BDEA081EBB64E000F41295 /* PBXContainerItemProxy */;
		};
		36BDEA141EBB64E000F41295 /* PBXTargetDependency */ = {
			isa = PBXTargetDependency;
			target = 36BDE9ED1EBB64E000F41295 /* FFCategory */;
			targetProxy = 36BDEA131EBB64E000F41295 /* PBXContainerItemProxy */;
		};
/* End PBXTargetDependency section */

/* Begin PBXVariantGroup section */
		36BDE9FA1EBB64E000F41295 /* Main.storyboard */ = {
			isa = PBXVariantGroup;
			children = (
				36BDE9FB1EBB64E000F41295 /* Base */,
			);
			name = Main.storyboard;
			sourceTree = "<group>";
		};
		36BDE9FF1EBB64E000F41295 /* LaunchScreen.storyboard */ = {
			isa = PBXVariantGroup;
			children = (
				36BDEA001EBB64E000F41295 /* Base */,
			);
			name = LaunchScreen.storyboard;
			sourceTree = "<group>";
		};
/* End PBXVariantGroup section */

/* Begin XCBuildConfiguration section */
		36BDEA191EBB64E000F41295 /* Debug */ = {
			isa = XCBuildConfiguration;
			buildSettings = {
				ALWAYS_SEARCH_USER_PATHS = NO;
				CLANG_ANALYZER_NONNULL = YES;
				CLANG_ANALYZER_NUMBER_OBJECT_CONVERSION = YES_AGGRESSIVE;
				CLANG_CXX_LANGUAGE_STANDARD = "gnu++0x";
				CLANG_CXX_LIBRARY = "libc++";
				CLANG_ENABLE_MODULES = YES;
				CLANG_ENABLE_OBJC_ARC = YES;
				CLANG_WARN_BOOL_CONVERSION = YES;
				CLANG_WARN_CONSTANT_CONVERSION = YES;
				CLANG_WARN_DIRECT_OBJC_ISA_USAGE = YES_ERROR;
				CLANG_WARN_DOCUMENTATION_COMMENTS = YES;
				CLANG_WARN_EMPTY_BODY = YES;
				CLANG_WARN_ENUM_CONVERSION = YES;
				CLANG_WARN_INFINITE_RECURSION = YES;
				CLANG_WARN_INT_CONVERSION = YES;
				CLANG_WARN_OBJC_ROOT_CLASS = YES_ERROR;
				CLANG_WARN_SUSPICIOUS_MOVE = YES;
				CLANG_WARN_UNREACHABLE_CODE = YES;
				CLANG_WARN__DUPLICATE_METHOD_MATCH = YES;
				"CODE_SIGN_IDENTITY[sdk=iphoneos*]" = "iPhone Developer";
				COPY_PHASE_STRIP = NO;
				DEBUG_INFORMATION_FORMAT = dwarf;
				ENABLE_STRICT_OBJC_MSGSEND = YES;
				ENABLE_TESTABILITY = YES;
				GCC_C_LANGUAGE_STANDARD = gnu99;
				GCC_DYNAMIC_NO_PIC = NO;
				GCC_NO_COMMON_BLOCKS = YES;
				GCC_OPTIMIZATION_LEVEL = 0;
				GCC_PREPROCESSOR_DEFINITIONS = (
					"DEBUG=1",
					"$(inherited)",
				);
				GCC_WARN_64_TO_32_BIT_CONVERSION = YES;
				GCC_WARN_ABOUT_RETURN_TYPE = YES_ERROR;
				GCC_WARN_UNDECLARED_SELECTOR = YES;
				GCC_WARN_UNINITIALIZED_AUTOS = YES_AGGRESSIVE;
				GCC_WARN_UNUSED_FUNCTION = YES;
				GCC_WARN_UNUSED_VARIABLE = YES;
				IPHONEOS_DEPLOYMENT_TARGET = 10.3;
				MTL_ENABLE_DEBUG_INFO = YES;
				ONLY_ACTIVE_ARCH = YES;
				SDKROOT = iphoneos;
			};
			name = Debug;
		};
		36BDEA1A1EBB64E000F41295 /* Release */ = {
			isa = XCBuildConfiguration;
			buildSettings = {
				ALWAYS_SEARCH_USER_PATHS = NO;
				CLANG_ANALYZER_NONNULL = YES;
				CLANG_ANALYZER_NUMBER_OBJECT_CONVERSION = YES_AGGRESSIVE;
				CLANG_CXX_LANGUAGE_STANDARD = "gnu++0x";
				CLANG_CXX_LIBRARY = "libc++";
				CLANG_ENABLE_MODULES = YES;
				CLANG_ENABLE_OBJC_ARC = YES;
				CLANG_WARN_BOOL_CONVERSION = YES;
				CLANG_WARN_CONSTANT_CONVERSION = YES;
				CLANG_WARN_DIRECT_OBJC_ISA_USAGE = YES_ERROR;
				CLANG_WARN_DOCUMENTATION_COMMENTS = YES;
				CLANG_WARN_EMPTY_BODY = YES;
				CLANG_WARN_ENUM_CONVERSION = YES;
				CLANG_WARN_INFINITE_RECURSION = YES;
				CLANG_WARN_INT_CONVERSION = YES;
				CLANG_WARN_OBJC_ROOT_CLASS = YES_ERROR;
				CLANG_WARN_SUSPICIOUS_MOVE = YES;
				CLANG_WARN_UNREACHABLE_CODE = YES;
				CLANG_WARN__DUPLICATE_METHOD_MATCH = YES;
				"CODE_SIGN_IDENTITY[sdk=iphoneos*]" = "iPhone Developer";
				COPY_PHASE_STRIP = NO;
				DEBUG_INFORMATION_FORMAT = "dwarf-with-dsym";
				ENABLE_NS_ASSERTIONS = NO;
				ENABLE_STRICT_OBJC_MSGSEND = YES;
				GCC_C_LANGUAGE_STANDARD = gnu99;
				GCC_NO_COMMON_BLOCKS = YES;
				GCC_WARN_64_TO_32_BIT_CONVERSION = YES;
				GCC_WARN_ABOUT_RETURN_TYPE = YES_ERROR;
				GCC_WARN_UNDECLARED_SELECTOR = YES;
				GCC_WARN_UNINITIALIZED_AUTOS = YES_AGGRESSIVE;
				GCC_WARN_UNUSED_FUNCTION = YES;
				GCC_WARN_UNUSED_VARIABLE = YES;
				IPHONEOS_DEPLOYMENT_TARGET = 10.3;
				MTL_ENABLE_DEBUG_INFO = NO;
				SDKROOT = iphoneos;
				VALIDATE_PRODUCT = YES;
			};
			name = Release;
		};
		36BDEA1C1EBB64E000F41295 /* Debug */ = {
			isa = XCBuildConfiguration;
			buildSettings = {
				ASSETCATALOG_COMPILER_APPICON_NAME = AppIcon;
				INFOPLIST_FILE = FFCategory/Info.plist;
				LD_RUNPATH_SEARCH_PATHS = "$(inherited) @executable_path/Frameworks";
				PRODUCT_BUNDLE_IDENTIFIER = com.zly.FFCategory;
				PRODUCT_NAME = "$(TARGET_NAME)";
			};
			name = Debug;
		};
		36BDEA1D1EBB64E000F41295 /* Release */ = {
			isa = XCBuildConfiguration;
			buildSettings = {
				ASSETCATALOG_COMPILER_APPICON_NAME = AppIcon;
				INFOPLIST_FILE = FFCategory/Info.plist;
				LD_RUNPATH_SEARCH_PATHS = "$(inherited) @executable_path/Frameworks";
				PRODUCT_BUNDLE_IDENTIFIER = com.zly.FFCategory;
				PRODUCT_NAME = "$(TARGET_NAME)";
			};
			name = Release;
		};
		36BDEA1F1EBB64E000F41295 /* Debug */ = {
			isa = XCBuildConfiguration;
			buildSettings = {
				BUNDLE_LOADER = "$(TEST_HOST)";
				INFOPLIST_FILE = FFCategoryTests/Info.plist;
				LD_RUNPATH_SEARCH_PATHS = "$(inherited) @executable_path/Frameworks @loader_path/Frameworks";
				PRODUCT_BUNDLE_IDENTIFIER = com.zly.FFCategoryTests;
				PRODUCT_NAME = "$(TARGET_NAME)";
				TEST_HOST = "$(BUILT_PRODUCTS_DIR)/FFCategory.app/FFCategory";
			};
			name = Debug;
		};
		36BDEA201EBB64E000F41295 /* Release */ = {
			isa = XCBuildConfiguration;
			buildSettings = {
				BUNDLE_LOADER = "$(TEST_HOST)";
				INFOPLIST_FILE = FFCategoryTests/Info.plist;
				LD_RUNPATH_SEARCH_PATHS = "$(inherited) @executable_path/Frameworks @loader_path/Frameworks";
				PRODUCT_BUNDLE_IDENTIFIER = com.zly.FFCategoryTests;
				PRODUCT_NAME = "$(TARGET_NAME)";
				TEST_HOST = "$(BUILT_PRODUCTS_DIR)/FFCategory.app/FFCategory";
			};
			name = Release;
		};
		36BDEA221EBB64E000F41295 /* Debug */ = {
			isa = XCBuildConfiguration;
			buildSettings = {
				INFOPLIST_FILE = FFCategoryUITests/Info.plist;
				LD_RUNPATH_SEARCH_PATHS = "$(inherited) @executable_path/Frameworks @loader_path/Frameworks";
				PRODUCT_BUNDLE_IDENTIFIER = com.zly.FFCategoryUITests;
				PRODUCT_NAME = "$(TARGET_NAME)";
				TEST_TARGET_NAME = FFCategory;
			};
			name = Debug;
		};
		36BDEA231EBB64E000F41295 /* Release */ = {
			isa = XCBuildConfiguration;
			buildSettings = {
				INFOPLIST_FILE = FFCategoryUITests/Info.plist;
				LD_RUNPATH_SEARCH_PATHS = "$(inherited) @executable_path/Frameworks @loader_path/Frameworks";
				PRODUCT_BUNDLE_IDENTIFIER = com.zly.FFCategoryUITests;
				PRODUCT_NAME = "$(TARGET_NAME)";
				TEST_TARGET_NAME = FFCategory;
			};
			name = Release;
		};
/* End XCBuildConfiguration section */

/* Begin XCConfigurationList section */
		36BDE9E91EBB64E000F41295 /* Build configuration list for PBXProject "FFCategory" */ = {
			isa = XCConfigurationList;
			buildConfigurations = (
				36BDEA191EBB64E000F41295 /* Debug */,
				36BDEA1A1EBB64E000F41295 /* Release */,
			);
			defaultConfigurationIsVisible = 0;
			defaultConfigurationName = Release;
		};
		36BDEA1B1EBB64E000F41295 /* Build configuration list for PBXNativeTarget "FFCategory" */ = {
			isa = XCConfigurationList;
			buildConfigurations = (
				36BDEA1C1EBB64E000F41295 /* Debug */,
				36BDEA1D1EBB64E000F41295 /* Release */,
			);
			defaultConfigurationIsVisible = 0;
			defaultConfigurationName = Release;
		};
		36BDEA1E1EBB64E000F41295 /* Build configuration list for PBXNativeTarget "FFCategoryTests" */ = {
			isa = XCConfigurationList;
			buildConfigurations = (
				36BDEA1F1EBB64E000F41295 /* Debug */,
				36BDEA201EBB64E000F41295 /* Release */,
			);
			defaultConfigurationIsVisible = 0;
			defaultConfigurationName = Release;
		};
		36BDEA211EBB64E000F41295 /* Build configuration list for PBXNativeTarget "FFCategoryUITests" */ = {
			isa = XCConfigurationList;
			buildConfigurations = (
				36BDEA221EBB64E000F41295 /* Debug */,
				36BDEA231EBB64E000F41295 /* Release */,
			);
			defaultConfigurationIsVisible = 0;
			defaultConfigurationName = Release;
		};
/* End XCConfigurationList section */
	};
	rootObject = 36BDE9E61EBB64E000F41295 /* Project object */;
}
